// !$*UTF8*$!
{
	archiveVersion = 1;
	classes = {
	};
	objectVersion = 55;
	objects = {

/* Begin PBXBuildFile section */
		600768E028221FE8002B804B /* main.swift in Sources */ = {isa = PBXBuildFile; fileRef = 600768DF28221FE8002B804B /* main.swift */; };
		600768EC28222007002B804B /* Boss.swift in Sources */ = {isa = PBXBuildFile; fileRef = 600768E628222007002B804B /* Boss.swift */; };
		600768ED28222007002B804B /* Ability.swift in Sources */ = {isa = PBXBuildFile; fileRef = 600768E728222007002B804B /* Ability.swift */; };
		600768EE28222007002B804B /* Archer.swift in Sources */ = {isa = PBXBuildFile; fileRef = 600768E828222007002B804B /* Archer.swift */; };
		600768EF28222007002B804B /* Hero.swift in Sources */ = {isa = PBXBuildFile; fileRef = 600768E928222007002B804B /* Hero.swift */; };
		600768F028222007002B804B /* Wizard.swift in Sources */ = {isa = PBXBuildFile; fileRef = 600768EA28222007002B804B /* Wizard.swift */; };
		600768F128222007002B804B /* Warrior.swift in Sources */ = {isa = PBXBuildFile; fileRef = 600768EB28222007002B804B /* Warrior.swift */; };
/* End PBXBuildFile section */

/* Begin PBXCopyFilesBuildPhase section */
		600768DA28221FE8002B804B /* CopyFiles */ = {
			isa = PBXCopyFilesBuildPhase;
			buildActionMask = 2147483647;
			dstPath = /usr/share/man/man1/;
			dstSubfolderSpec = 0;
			files = (
			);
			runOnlyForDeploymentPostprocessing = 1;
		};
/* End PBXCopyFilesBuildPhase section */

/* Begin PBXFileReference section */
		600768DC28221FE8002B804B /* OOPGame */ = {isa = PBXFileReference; explicitFileType = "compiled.mach-o.executable"; includeInIndex = 0; path = OOPGame; sourceTree = BUILT_PRODUCTS_DIR; };
		600768DF28221FE8002B804B /* main.swift */ = {isa = PBXFileReference; lastKnownFileType = sourcecode.swift; path = main.swift; sourceTree = "<group>"; };
		600768E628222007002B804B /* Boss.swift */ = {isa = PBXFileReference; fileEncoding = 4; lastKnownFileType = sourcecode.swift; name = Boss.swift; path = "../../../../Downloads/New Folder With Items 2/AditionalTask lesson5/Boss.swift"; sourceTree = "<group>"; };
		600768E728222007002B804B /* Ability.swift */ = {isa = PBXFileReference; fileEncoding = 4; lastKnownFileType = sourcecode.swift; name = Ability.swift; path = "../../../../Downloads/New Folder With Items 2/AditionalTask lesson5/Ability.swift"; sourceTree = "<group>"; };
		600768E828222007002B804B /* Archer.swift */ = {isa = PBXFileReference; fileEncoding = 4; lastKnownFileType = sourcecode.swift; name = Archer.swift; path = "../../../../Downloads/New Folder With Items 2/AditionalTask lesson5/Archer.swift"; sourceTree = "<group>"; };
		600768E928222007002B804B /* Hero.swift */ = {isa = PBXFileReference; fileEncoding = 4; lastKnownFileType = sourcecode.swift; name = Hero.swift; path = "../../../../Downloads/New Folder With Items 2/AditionalTask lesson5/Hero.swift"; sourceTree = "<group>"; };
		600768EA28222007002B804B /* Wizard.swift */ = {isa = PBXFileReference; fileEncoding = 4; lastKnownFileType = sourcecode.swift; name = Wizard.swift; path = "../../../../Downloads/New Folder With Items 2/AditionalTask lesson5/Wizard.swift"; sourceTree = "<group>"; };
		600768EB28222007002B804B /* Warrior.swift */ = {isa = PBXFileReference; fileEncoding = 4; lastKnownFileType = sourcecode.swift; name = Warrior.swift; path = "../../../../Downloads/New Folder With Items 2/AditionalTask lesson5/Warrior.swift"; sourceTree = "<group>"; };
/* End PBXFileReference section */

/* Begin PBXFrameworksBuildPhase section */
		600768D928221FE8002B804B /* Frameworks */ = {
			isa = PBXFrameworksBuildPhase;
			buildActionMask = 2147483647;
			files = (
			);
			runOnlyForDeploymentPostprocessing = 0;
		};
/* End PBXFrameworksBuildPhase section */

/* Begin PBXGroup section */
		600768D328221FE8002B804B = {
			isa = PBXGroup;
			children = (
				600768DE28221FE8002B804B /* OOPGame */,
				600768DD28221FE8002B804B /* Products */,
			);
			sourceTree = "<group>";
		};
		600768DD28221FE8002B804B /* Products */ = {
			isa = PBXGroup;
			children = (
				600768DC28221FE8002B804B /* OOPGame */,
			);
			name = Products;
			sourceTree = "<group>";
		};
		600768DE28221FE8002B804B /* OOPGame */ = {
			isa = PBXGroup;
			children = (
				600768DF28221FE8002B804B /* main.swift */,
				600768E728222007002B804B /* Ability.swift */,
				600768E828222007002B804B /* Archer.swift */,
				600768E628222007002B804B /* Boss.swift */,
				600768E928222007002B804B /* Hero.swift */,
				600768EB28222007002B804B /* Warrior.swift */,
				600768EA28222007002B804B /* Wizard.swift */,
			);
			path = OOPGame;
			sourceTree = "<group>";
		};
/* End PBXGroup section */

/* Begin PBXNativeTarget section */
		600768DB28221FE8002B804B /* OOPGame */ = {
			isa = PBXNativeTarget;
			buildConfigurationList = 600768E328221FE8002B804B /* Build configuration list for PBXNativeTarget "OOPGame" */;
			buildPhases = (
				600768D828221FE8002B804B /* Sources */,
				600768D928221FE8002B804B /* Frameworks */,
				600768DA28221FE8002B804B /* CopyFiles */,
			);
			buildRules = (
			);
			dependencies = (
			);
			name = OOPGame;
			productName = OOPGame;
			productReference = 600768DC28221FE8002B804B /* OOPGame */;
			productType = "com.apple.product-type.tool";
		};
/* End PBXNativeTarget section */

/* Begin PBXProject section */
		600768D428221FE8002B804B /* Project object */ = {
			isa = PBXProject;
			attributes = {
				BuildIndependentTargetsInParallel = 1;
				LastSwiftUpdateCheck = 1330;
				LastUpgradeCheck = 1330;
				TargetAttributes = {
					600768DB28221FE8002B804B = {
						CreatedOnToolsVersion = 13.3.1;
					};
				};
			};
			buildConfigurationList = 600768D728221FE8002B804B /* Build configuration list for PBXProject "OOPGame" */;
			compatibilityVersion = "Xcode 13.0";
			developmentRegion = en;
			hasScannedForEncodings = 0;
			knownRegions = (
				en,
				Base,
			);
			mainGroup = 600768D328221FE8002B804B;
			productRefGroup = 600768DD28221FE8002B804B /* Products */;
			projectDirPath = "";
			projectRoot = "";
			targets = (
				600768DB28221FE8002B804B /* OOPGame */,
			);
		};
/* End PBXProject section */

/* Begin PBXSourcesBuildPhase section */
		600768D828221FE8002B804B /* Sources */ = {
			isa = PBXSourcesBuildPhase;
			buildActionMask = 2147483647;
			files = (
				600768F128222007002B804B /* Warrior.swift in Sources */,
				600768EF28222007002B804B /* Hero.swift in Sources */,
				600768EE28222007002B804B /* Archer.swift in Sources */,
				600768EC28222007002B804B /* Boss.swift in Sources */,
				600768ED28222007002B804B /* Ability.swift in Sources */,
				600768F028222007002B804B /* Wizard.swift in Sources */,
				600768E028221FE8002B804B /* main.swift in Sources */,
			);
			runOnlyForDeploymentPostprocessing = 0;
		};
/* End PBXSourcesBuildPhase section */

/* Begin XCBuildConfiguration section */
		600768E128221FE8002B804B /* Debug */ = {
			isa = XCBuildConfiguration;
			buildSettings = {
				ALWAYS_SEARCH_USER_PATHS = NO;
				CLANG_ANALYZER_NONNULL = YES;
				CLANG_ANALYZER_NUMBER_OBJECT_CONVERSION = YES_AGGRESSIVE;
				CLANG_CXX_LANGUAGE_STANDARD = "gnu++17";
				CLANG_ENABLE_MODULES = YES;
				CLANG_ENABLE_OBJC_ARC = YES;
				CLANG_ENABLE_OBJC_WEAK = YES;
				CLANG_WARN_BLOCK_CAPTURE_AUTORELEASING = YES;
				CLANG_WARN_BOOL_CONVERSION = YES;
				CLANG_WARN_COMMA = YES;
				CLANG_WARN_CONSTANT_CONVERSION = YES;
				CLANG_WARN_DEPRECATED_OBJC_IMPLEMENTATIONS = YES;
				CLANG_WARN_DIRECT_OBJC_ISA_USAGE = YES_ERROR;
				CLANG_WARN_DOCUMENTATION_COMMENTS = YES;
				CLANG_WARN_EMPTY_BODY = YES;
				CLANG_WARN_ENUM_CONVERSION = YES;
				CLANG_WARN_INFINITE_RECURSION = YES;
				CLANG_WARN_INT_CONVERSION = YES;
				CLANG_WARN_NON_LITERAL_NULL_CONVERSION = YES;
				CLANG_WARN_OBJC_IMPLICIT_RETAIN_SELF = YES;
				CLANG_WARN_OBJC_LITERAL_CONVERSION = YES;
				CLANG_WARN_OBJC_ROOT_CLASS = YES_ERROR;
				CLANG_WARN_QUOTED_INCLUDE_IN_FRAMEWORK_HEADER = YES;
				CLANG_WARN_RANGE_LOOP_ANALYSIS = YES;
				CLANG_WARN_STRICT_PROTOTYPES = YES;
				CLANG_WARN_SUSPICIOUS_MOVE = YES;
				CLANG_WARN_UNGUARDED_AVAILABILITY = YES_AGGRESSIVE;
				CLANG_WARN_UNREACHABLE_CODE = YES;
				CLANG_WARN__DUPLICATE_METHOD_MATCH = YES;
				COPY_PHASE_STRIP = NO;
				DEBUG_INFORMATION_FORMAT = dwarf;
				ENABLE_STRICT_OBJC_MSGSEND = YES;
				ENABLE_TESTABILITY = YES;
				GCC_C_LANGUAGE_STANDARD = gnu11;
				GCC_DYNAMIC_NO_PIC = NO;
				GCC_NO_COMMON_BLOCKS = YES;
				GCC_OPTIMIZATION_LEVEL = 0;
				GCC_PREPROCESSOR_DEFINITIONS = (
					"DEBUG=1",
					"$(inherited)",
				);
				GCC_WARN_64_TO_32_BIT_CONVERSION = YES;
				GCC_WARN_ABOUT_RETURN_TYPE = YES_ERROR;
				GCC_WARN_UNDECLARED_SELECTOR = YES;
				GCC_WARN_UNINITIALIZED_AUTOS = YES_AGGRESSIVE;
				GCC_WARN_UNUSED_FUNCTION = YES;
				GCC_WARN_UNUSED_VARIABLE = YES;
				MACOSX_DEPLOYMENT_TARGET = 12.3;
				MTL_ENABLE_DEBUG_INFO = INCLUDE_SOURCE;
				MTL_FAST_MATH = YES;
				ONLY_ACTIVE_ARCH = YES;
				SDKROOT = macosx;
				SWIFT_ACTIVE_COMPILATION_CONDITIONS = DEBUG;
				SWIFT_OPTIMIZATION_LEVEL = "-Onone";
			};
			name = Debug;
		};
		600768E228221FE8002B804B /* Release */ = {
			isa = XCBuildConfiguration;
			buildSettings = {
				ALWAYS_SEARCH_USER_PATHS = NO;
				CLANG_ANALYZER_NONNULL = YES;
				CLANG_ANALYZER_NUMBER_OBJECT_CONVERSION = YES_AGGRESSIVE;
				CLANG_CXX_LANGUAGE_STANDARD = "gnu++17";
				CLANG_ENABLE_MODULES = YES;
				CLANG_ENABLE_OBJC_ARC = YES;
				CLANG_ENABLE_OBJC_WEAK = YES;
				CLANG_WARN_BLOCK_CAPTURE_AUTORELEASING = YES;
				CLANG_WARN_BOOL_CONVERSION = YES;
				CLANG_WARN_COMMA = YES;
				CLANG_WARN_CONSTANT_CONVERSION = YES;
				CLANG_WARN_DEPRECATED_OBJC_IMPLEMENTATIONS = YES;
				CLANG_WARN_DIRECT_OBJC_ISA_USAGE = YES_ERROR;
				CLANG_WARN_DOCUMENTATION_COMMENTS = YES;
				CLANG_WARN_EMPTY_BODY = YES;
				CLANG_WARN_ENUM_CONVERSION = YES;
				CLANG_WARN_INFINITE_RECURSION = YES;
				CLANG_WARN_INT_CONVERSION = YES;
				CLANG_WARN_NON_LITERAL_NULL_CONVERSION = YES;
				CLANG_WARN_OBJC_IMPLICIT_RETAIN_SELF = YES;
				CLANG_WARN_OBJC_LITERAL_CONVERSION = YES;
				CLANG_WARN_OBJC_ROOT_CLASS = YES_ERROR;
				CLANG_WARN_QUOTED_INCLUDE_IN_FRAMEWORK_HEADER = YES;
				CLANG_WARN_RANGE_LOOP_ANALYSIS = YES;
				CLANG_WARN_STRICT_PROTOTYPES = YES;
				CLANG_WARN_SUSPICIOUS_MOVE = YES;
				CLANG_WARN_UNGUARDED_AVAILABILITY = YES_AGGRESSIVE;
				CLANG_WARN_UNREACHABLE_CODE = YES;
				CLANG_WARN__DUPLICATE_METHOD_MATCH = YES;
				COPY_PHASE_STRIP = NO;
				DEBUG_INFORMATION_FORMAT = "dwarf-with-dsym";
				ENABLE_NS_ASSERTIONS = NO;
				ENABLE_STRICT_OBJC_MSGSEND = YES;
				GCC_C_LANGUAGE_STANDARD = gnu11;
				GCC_NO_COMMON_BLOCKS = YES;
				GCC_WARN_64_TO_32_BIT_CONVERSION = YES;
				GCC_WARN_ABOUT_RETURN_TYPE = YES_ERROR;
				GCC_WARN_UNDECLARED_SELECTOR = YES;
				GCC_WARN_UNINITIALIZED_AUTOS = YES_AGGRESSIVE;
				GCC_WARN_UNUSED_FUNCTION = YES;
				GCC_WARN_UNUSED_VARIABLE = YES;
				MACOSX_DEPLOYMENT_TARGET = 12.3;
				MTL_ENABLE_DEBUG_INFO = NO;
				MTL_FAST_MATH = YES;
				SDKROOT = macosx;
				SWIFT_COMPILATION_MODE = wholemodule;
				SWIFT_OPTIMIZATION_LEVEL = "-O";
			};
			name = Release;
		};
		600768E428221FE8002B804B /* Debug */ = {
			isa = XCBuildConfiguration;
			buildSettings = {
				CODE_SIGN_STYLE = Automatic;
				DEVELOPMENT_TEAM = F74RB453B9;
				ENABLE_HARDENED_RUNTIME = YES;
				PRODUCT_NAME = "$(TARGET_NAME)";
				SWIFT_VERSION = 5.0;
			};
			name = Debug;
		};
		600768E528221FE8002B804B /* Release */ = {
			isa = XCBuildConfiguration;
			buildSettings = {
				CODE_SIGN_STYLE = Automatic;
				DEVELOPMENT_TEAM = F74RB453B9;
				ENABLE_HARDENED_RUNTIME = YES;
				PRODUCT_NAME = "$(TARGET_NAME)";
				SWIFT_VERSION = 5.0;
			};
			name = Release;
		};
/* End XCBuildConfiguration section */

/* Begin XCConfigurationList section */
		600768D728221FE8002B804B /* Build configuration list for PBXProject "OOPGame" */ = {
			isa = XCConfigurationList;
			buildConfigurations = (
				600768E128221FE8002B804B /* Debug */,
				600768E228221FE8002B804B /* Release */,
			);
			defaultConfigurationIsVisible = 0;
			defaultConfigurationName = Release;
		};
		600768E328221FE8002B804B /* Build configuration list for PBXNativeTarget "OOPGame" */ = {
			isa = XCConfigurationList;
			buildConfigurations = (
				600768E428221FE8002B804B /* Debug */,
				600768E528221FE8002B804B /* Release */,
			);
			defaultConfigurationIsVisible = 0;
			defaultConfigurationName = Release;
		};
/* End XCConfigurationList section */
	};
	rootObject = 600768D428221FE8002B804B /* Project object */;
}
